// !$*UTF8*$!
{
	archiveVersion = 1;
	classes = {
	};
	objectVersion = 48;
	objects = {

/* Begin PBXBuildFile section */
		0B0507258CD1624DF02C4E4C /* Pods_TwitterFeedUITests.framework in Frameworks */ = {isa = PBXBuildFile; fileRef = 1976E99663540C5909112DED /* Pods_TwitterFeedUITests.framework */; };
		6591A7D9E1ABF828210EF7EA /* Pods_TwitterFeedTests.framework in Frameworks */ = {isa = PBXBuildFile; fileRef = ADEB0E15F8F6E888D0CD74F7 /* Pods_TwitterFeedTests.framework */; };
		7631C46020B086BE00BFF1DE /* TweetPresenter.swift in Sources */ = {isa = PBXBuildFile; fileRef = 7631C45A20B086BE00BFF1DE /* TweetPresenter.swift */; };
		7631C46120B086BE00BFF1DE /* TweetRouter.swift in Sources */ = {isa = PBXBuildFile; fileRef = 7631C45B20B086BE00BFF1DE /* TweetRouter.swift */; };
		7631C46220B086BE00BFF1DE /* TweetViewController.swift in Sources */ = {isa = PBXBuildFile; fileRef = 7631C45C20B086BE00BFF1DE /* TweetViewController.swift */; };
		7631C46320B086BE00BFF1DE /* TweetProtocols.swift in Sources */ = {isa = PBXBuildFile; fileRef = 7631C45D20B086BE00BFF1DE /* TweetProtocols.swift */; };
		7631C46420B086BE00BFF1DE /* TweetInteractor.swift in Sources */ = {isa = PBXBuildFile; fileRef = 7631C45E20B086BE00BFF1DE /* TweetInteractor.swift */; };
		7631C46520B086BE00BFF1DE /* TweetViewController.xib in Resources */ = {isa = PBXBuildFile; fileRef = 7631C45F20B086BE00BFF1DE /* TweetViewController.xib */; };
		7631C46820B0BFFD00BFF1DE /* SwifteriOS.framework in Frameworks */ = {isa = PBXBuildFile; fileRef = 7631C46720B0BFFC00BFF1DE /* SwifteriOS.framework */; };
		7631C46920B0C1F300BFF1DE /* SwifteriOS.framework in Resources */ = {isa = PBXBuildFile; fileRef = 7631C46720B0BFFC00BFF1DE /* SwifteriOS.framework */; };
		7631C46B20B0C24F00BFF1DE /* SwifteriOS.framework in CopyFiles */ = {isa = PBXBuildFile; fileRef = 7631C46720B0BFFC00BFF1DE /* SwifteriOS.framework */; settings = {ATTRIBUTES = (CodeSignOnCopy, RemoveHeadersOnCopy, ); }; };
		7631C46D20B0C5DB00BFF1DE /* Swifter+Extensions.swift in Sources */ = {isa = PBXBuildFile; fileRef = 7631C46C20B0C5DB00BFF1DE /* Swifter+Extensions.swift */; };
		7631C47020B0CA4300BFF1DE /* User.swift in Sources */ = {isa = PBXBuildFile; fileRef = 7631C46F20B0CA4300BFF1DE /* User.swift */; };
		7631C47320B0CC6B00BFF1DE /* TwitterEntities.swift in Sources */ = {isa = PBXBuildFile; fileRef = 7631C47220B0CC6B00BFF1DE /* TwitterEntities.swift */; };
		7631C47720B0CF0C00BFF1DE /* ParsingTests.swift in Sources */ = {isa = PBXBuildFile; fileRef = 7631C47620B0CF0C00BFF1DE /* ParsingTests.swift */; };
		763E0F5C20A83E0D008D0119 /* Result.swift in Sources */ = {isa = PBXBuildFile; fileRef = 763E0F5B20A83E0D008D0119 /* Result.swift */; };
		763E0F6020A8690B008D0119 /* URLRequest+Headers.swift in Sources */ = {isa = PBXBuildFile; fileRef = 763E0F5F20A8690B008D0119 /* URLRequest+Headers.swift */; };
		763E0F6220A87A09008D0119 /* String+Base64.swift in Sources */ = {isa = PBXBuildFile; fileRef = 763E0F6120A87A09008D0119 /* String+Base64.swift */; };
		763E0F6C20A8BB97008D0119 /* Dictionary+HTTPParameters.swift in Sources */ = {isa = PBXBuildFile; fileRef = 763E0F6B20A8BB97008D0119 /* Dictionary+HTTPParameters.swift */; };
		764A31BF20A732F800570530 /* TwitterService.swift in Sources */ = {isa = PBXBuildFile; fileRef = 764A31BE20A732F800570530 /* TwitterService.swift */; };
		764A31C120A7332300570530 /* TwitterAPIService.swift in Sources */ = {isa = PBXBuildFile; fileRef = 764A31C020A7332300570530 /* TwitterAPIService.swift */; };
		764A31CA20A733DB00570530 /* Tweet.swift in Sources */ = {isa = PBXBuildFile; fileRef = 764A31C920A733DB00570530 /* Tweet.swift */; };
		764A31CC20A733FB00570530 /* ServiceLocator.swift in Sources */ = {isa = PBXBuildFile; fileRef = 764A31CB20A733FB00570530 /* ServiceLocator.swift */; };
		764A31CE20A734E600570530 /* Services.swift in Sources */ = {isa = PBXBuildFile; fileRef = 764A31CD20A734E600570530 /* Services.swift */; };
		764A31DE20A78AD100570530 /* FeedPresenter.swift in Sources */ = {isa = PBXBuildFile; fileRef = 764A31D820A78AD100570530 /* FeedPresenter.swift */; };
		764A31DF20A78AD100570530 /* FeedRouter.swift in Sources */ = {isa = PBXBuildFile; fileRef = 764A31D920A78AD100570530 /* FeedRouter.swift */; };
		764A31E020A78AD100570530 /* FeedViewController.swift in Sources */ = {isa = PBXBuildFile; fileRef = 764A31DA20A78AD100570530 /* FeedViewController.swift */; };
		764A31E120A78AD100570530 /* FeedProtocols.swift in Sources */ = {isa = PBXBuildFile; fileRef = 764A31DB20A78AD100570530 /* FeedProtocols.swift */; };
		764A31E220A78AD100570530 /* FeedInteractor.swift in Sources */ = {isa = PBXBuildFile; fileRef = 764A31DC20A78AD100570530 /* FeedInteractor.swift */; };
		764A31E320A78AD100570530 /* FeedViewController.xib in Resources */ = {isa = PBXBuildFile; fileRef = 764A31DD20A78AD100570530 /* FeedViewController.xib */; };
		76C88D8520B0821C00EAD22F /* TwitterConfig.swift in Sources */ = {isa = PBXBuildFile; fileRef = 76C88D8420B0821C00EAD22F /* TwitterConfig.swift */; };
		76C88D8720B0829E00EAD22F /* PKTwitterConfig.swift in Sources */ = {isa = PBXBuildFile; fileRef = 76C88D8620B0829E00EAD22F /* PKTwitterConfig.swift */; };
		76ECD91320A7319C00AC8F5D /* AppDelegate.swift in Sources */ = {isa = PBXBuildFile; fileRef = 76ECD91220A7319C00AC8F5D /* AppDelegate.swift */; };
		76ECD91520A7319C00AC8F5D /* ViewController.swift in Sources */ = {isa = PBXBuildFile; fileRef = 76ECD91420A7319C00AC8F5D /* ViewController.swift */; };
		76ECD91820A7319C00AC8F5D /* Main.storyboard in Resources */ = {isa = PBXBuildFile; fileRef = 76ECD91620A7319C00AC8F5D /* Main.storyboard */; };
		76ECD91A20A7319C00AC8F5D /* Assets.xcassets in Resources */ = {isa = PBXBuildFile; fileRef = 76ECD91920A7319C00AC8F5D /* Assets.xcassets */; };
		76ECD91D20A7319C00AC8F5D /* LaunchScreen.storyboard in Resources */ = {isa = PBXBuildFile; fileRef = 76ECD91B20A7319C00AC8F5D /* LaunchScreen.storyboard */; };
		76ECD92820A7319C00AC8F5D /* TwitterFeedTests.swift in Sources */ = {isa = PBXBuildFile; fileRef = 76ECD92720A7319C00AC8F5D /* TwitterFeedTests.swift */; };
		76ECD93320A7319C00AC8F5D /* TwitterFeedUITests.swift in Sources */ = {isa = PBXBuildFile; fileRef = 76ECD93220A7319C00AC8F5D /* TwitterFeedUITests.swift */; };
		76ECD95C20A731F700AC8F5D /* ViperModule.swift in Sources */ = {isa = PBXBuildFile; fileRef = 76ECD95220A731F600AC8F5D /* ViperModule.swift */; };
		AE6198DB015722F8CBE1F84A /* Pods_TwitterFeed.framework in Frameworks */ = {isa = PBXBuildFile; fileRef = 9B8096001774F6F69A8054A7 /* Pods_TwitterFeed.framework */; };
/* End PBXBuildFile section */

/* Begin PBXContainerItemProxy section */
		76ECD92420A7319C00AC8F5D /* PBXContainerItemProxy */ = {
			isa = PBXContainerItemProxy;
			containerPortal = 76ECD90720A7319C00AC8F5D /* Project object */;
			proxyType = 1;
			remoteGlobalIDString = 76ECD90E20A7319C00AC8F5D;
			remoteInfo = TwitterFeed;
		};
		76ECD92F20A7319C00AC8F5D /* PBXContainerItemProxy */ = {
			isa = PBXContainerItemProxy;
			containerPortal = 76ECD90720A7319C00AC8F5D /* Project object */;
			proxyType = 1;
			remoteGlobalIDString = 76ECD90E20A7319C00AC8F5D;
			remoteInfo = TwitterFeed;
		};
/* End PBXContainerItemProxy section */

/* Begin PBXCopyFilesBuildPhase section */
		7631C46A20B0C24200BFF1DE /* CopyFiles */ = {
			isa = PBXCopyFilesBuildPhase;
			buildActionMask = 2147483647;
			dstPath = "";
			dstSubfolderSpec = 10;
			files = (
				7631C46B20B0C24F00BFF1DE /* SwifteriOS.framework in CopyFiles */,
			);
			runOnlyForDeploymentPostprocessing = 0;
		};
/* End PBXCopyFilesBuildPhase section */

/* Begin PBXFileReference section */
		1976E99663540C5909112DED /* Pods_TwitterFeedUITests.framework */ = {isa = PBXFileReference; explicitFileType = wrapper.framework; includeInIndex = 0; path = Pods_TwitterFeedUITests.framework; sourceTree = BUILT_PRODUCTS_DIR; };
		2D04FB36F06566141A5A5E85 /* Pods-TwitterFeedTests.release.xcconfig */ = {isa = PBXFileReference; includeInIndex = 1; lastKnownFileType = text.xcconfig; name = "Pods-TwitterFeedTests.release.xcconfig"; path = "Pods/Target Support Files/Pods-TwitterFeedTests/Pods-TwitterFeedTests.release.xcconfig"; sourceTree = "<group>"; };
		5D5FA577C118000EB4CDA968 /* Pods-TwitterFeedTests.debug.xcconfig */ = {isa = PBXFileReference; includeInIndex = 1; lastKnownFileType = text.xcconfig; name = "Pods-TwitterFeedTests.debug.xcconfig"; path = "Pods/Target Support Files/Pods-TwitterFeedTests/Pods-TwitterFeedTests.debug.xcconfig"; sourceTree = "<group>"; };
		629922A4750BD47E0CD283C5 /* Pods-TwitterFeedUITests.debug.xcconfig */ = {isa = PBXFileReference; includeInIndex = 1; lastKnownFileType = text.xcconfig; name = "Pods-TwitterFeedUITests.debug.xcconfig"; path = "Pods/Target Support Files/Pods-TwitterFeedUITests/Pods-TwitterFeedUITests.debug.xcconfig"; sourceTree = "<group>"; };
		70E40220C2047BB220EC5423 /* Pods-TwitterFeedUITests.release.xcconfig */ = {isa = PBXFileReference; includeInIndex = 1; lastKnownFileType = text.xcconfig; name = "Pods-TwitterFeedUITests.release.xcconfig"; path = "Pods/Target Support Files/Pods-TwitterFeedUITests/Pods-TwitterFeedUITests.release.xcconfig"; sourceTree = "<group>"; };
		7631C45A20B086BE00BFF1DE /* TweetPresenter.swift */ = {isa = PBXFileReference; lastKnownFileType = sourcecode.swift; path = TweetPresenter.swift; sourceTree = "<group>"; };
		7631C45B20B086BE00BFF1DE /* TweetRouter.swift */ = {isa = PBXFileReference; lastKnownFileType = sourcecode.swift; path = TweetRouter.swift; sourceTree = "<group>"; };
		7631C45C20B086BE00BFF1DE /* TweetViewController.swift */ = {isa = PBXFileReference; lastKnownFileType = sourcecode.swift; path = TweetViewController.swift; sourceTree = "<group>"; };
		7631C45D20B086BE00BFF1DE /* TweetProtocols.swift */ = {isa = PBXFileReference; lastKnownFileType = sourcecode.swift; path = TweetProtocols.swift; sourceTree = "<group>"; };
		7631C45E20B086BE00BFF1DE /* TweetInteractor.swift */ = {isa = PBXFileReference; lastKnownFileType = sourcecode.swift; path = TweetInteractor.swift; sourceTree = "<group>"; };
		7631C45F20B086BE00BFF1DE /* TweetViewController.xib */ = {isa = PBXFileReference; lastKnownFileType = file.xib; path = TweetViewController.xib; sourceTree = "<group>"; };
		7631C46720B0BFFC00BFF1DE /* SwifteriOS.framework */ = {isa = PBXFileReference; lastKnownFileType = wrapper.framework; path = SwifteriOS.framework; sourceTree = "<group>"; };
		7631C46C20B0C5DB00BFF1DE /* Swifter+Extensions.swift */ = {isa = PBXFileReference; lastKnownFileType = sourcecode.swift; path = "Swifter+Extensions.swift"; sourceTree = "<group>"; };
		7631C46F20B0CA4300BFF1DE /* User.swift */ = {isa = PBXFileReference; lastKnownFileType = sourcecode.swift; path = User.swift; sourceTree = "<group>"; };
		7631C47220B0CC6B00BFF1DE /* TwitterEntities.swift */ = {isa = PBXFileReference; lastKnownFileType = sourcecode.swift; path = TwitterEntities.swift; sourceTree = "<group>"; };
		7631C47620B0CF0C00BFF1DE /* ParsingTests.swift */ = {isa = PBXFileReference; lastKnownFileType = sourcecode.swift; path = ParsingTests.swift; sourceTree = "<group>"; };
		763E0F5B20A83E0D008D0119 /* Result.swift */ = {isa = PBXFileReference; lastKnownFileType = sourcecode.swift; path = Result.swift; sourceTree = "<group>"; };
		763E0F5F20A8690B008D0119 /* URLRequest+Headers.swift */ = {isa = PBXFileReference; lastKnownFileType = sourcecode.swift; path = "URLRequest+Headers.swift"; sourceTree = "<group>"; };
		763E0F6120A87A09008D0119 /* String+Base64.swift */ = {isa = PBXFileReference; lastKnownFileType = sourcecode.swift; path = "String+Base64.swift"; sourceTree = "<group>"; };
		763E0F6B20A8BB97008D0119 /* Dictionary+HTTPParameters.swift */ = {isa = PBXFileReference; lastKnownFileType = sourcecode.swift; path = "Dictionary+HTTPParameters.swift"; sourceTree = "<group>"; };
		764A31BE20A732F800570530 /* TwitterService.swift */ = {isa = PBXFileReference; lastKnownFileType = sourcecode.swift; path = TwitterService.swift; sourceTree = "<group>"; };
		764A31C020A7332300570530 /* TwitterAPIService.swift */ = {isa = PBXFileReference; lastKnownFileType = sourcecode.swift; path = TwitterAPIService.swift; sourceTree = "<group>"; };
		764A31C920A733DB00570530 /* Tweet.swift */ = {isa = PBXFileReference; lastKnownFileType = sourcecode.swift; path = Tweet.swift; sourceTree = "<group>"; };
		764A31CB20A733FB00570530 /* ServiceLocator.swift */ = {isa = PBXFileReference; lastKnownFileType = sourcecode.swift; path = ServiceLocator.swift; sourceTree = "<group>"; };
		764A31CD20A734E600570530 /* Services.swift */ = {isa = PBXFileReference; lastKnownFileType = sourcecode.swift; path = Services.swift; sourceTree = "<group>"; };
		764A31D820A78AD100570530 /* FeedPresenter.swift */ = {isa = PBXFileReference; lastKnownFileType = sourcecode.swift; path = FeedPresenter.swift; sourceTree = "<group>"; };
		764A31D920A78AD100570530 /* FeedRouter.swift */ = {isa = PBXFileReference; lastKnownFileType = sourcecode.swift; path = FeedRouter.swift; sourceTree = "<group>"; };
		764A31DA20A78AD100570530 /* FeedViewController.swift */ = {isa = PBXFileReference; lastKnownFileType = sourcecode.swift; path = FeedViewController.swift; sourceTree = "<group>"; };
		764A31DB20A78AD100570530 /* FeedProtocols.swift */ = {isa = PBXFileReference; lastKnownFileType = sourcecode.swift; path = FeedProtocols.swift; sourceTree = "<group>"; };
		764A31DC20A78AD100570530 /* FeedInteractor.swift */ = {isa = PBXFileReference; lastKnownFileType = sourcecode.swift; path = FeedInteractor.swift; sourceTree = "<group>"; };
		764A31DD20A78AD100570530 /* FeedViewController.xib */ = {isa = PBXFileReference; lastKnownFileType = file.xib; path = FeedViewController.xib; sourceTree = "<group>"; };
		76C88D8420B0821C00EAD22F /* TwitterConfig.swift */ = {isa = PBXFileReference; lastKnownFileType = sourcecode.swift; path = TwitterConfig.swift; sourceTree = "<group>"; };
		76C88D8620B0829E00EAD22F /* PKTwitterConfig.swift */ = {isa = PBXFileReference; lastKnownFileType = sourcecode.swift; path = PKTwitterConfig.swift; sourceTree = "<group>"; };
		76ECD90F20A7319C00AC8F5D /* TwitterFeed.app */ = {isa = PBXFileReference; explicitFileType = wrapper.application; includeInIndex = 0; path = TwitterFeed.app; sourceTree = BUILT_PRODUCTS_DIR; };
		76ECD91220A7319C00AC8F5D /* AppDelegate.swift */ = {isa = PBXFileReference; lastKnownFileType = sourcecode.swift; path = AppDelegate.swift; sourceTree = "<group>"; };
		76ECD91420A7319C00AC8F5D /* ViewController.swift */ = {isa = PBXFileReference; lastKnownFileType = sourcecode.swift; path = ViewController.swift; sourceTree = "<group>"; };
		76ECD91720A7319C00AC8F5D /* Base */ = {isa = PBXFileReference; lastKnownFileType = file.storyboard; name = Base; path = Base.lproj/Main.storyboard; sourceTree = "<group>"; };
		76ECD91920A7319C00AC8F5D /* Assets.xcassets */ = {isa = PBXFileReference; lastKnownFileType = folder.assetcatalog; path = Assets.xcassets; sourceTree = "<group>"; };
		76ECD91C20A7319C00AC8F5D /* Base */ = {isa = PBXFileReference; lastKnownFileType = file.storyboard; name = Base; path = Base.lproj/LaunchScreen.storyboard; sourceTree = "<group>"; };
		76ECD91E20A7319C00AC8F5D /* Info.plist */ = {isa = PBXFileReference; lastKnownFileType = text.plist.xml; path = Info.plist; sourceTree = "<group>"; };
		76ECD92320A7319C00AC8F5D /* TwitterFeedTests.xctest */ = {isa = PBXFileReference; explicitFileType = wrapper.cfbundle; includeInIndex = 0; path = TwitterFeedTests.xctest; sourceTree = BUILT_PRODUCTS_DIR; };
		76ECD92720A7319C00AC8F5D /* TwitterFeedTests.swift */ = {isa = PBXFileReference; lastKnownFileType = sourcecode.swift; path = TwitterFeedTests.swift; sourceTree = "<group>"; };
		76ECD92920A7319C00AC8F5D /* Info.plist */ = {isa = PBXFileReference; lastKnownFileType = text.plist.xml; path = Info.plist; sourceTree = "<group>"; };
		76ECD92E20A7319C00AC8F5D /* TwitterFeedUITests.xctest */ = {isa = PBXFileReference; explicitFileType = wrapper.cfbundle; includeInIndex = 0; path = TwitterFeedUITests.xctest; sourceTree = BUILT_PRODUCTS_DIR; };
		76ECD93220A7319C00AC8F5D /* TwitterFeedUITests.swift */ = {isa = PBXFileReference; lastKnownFileType = sourcecode.swift; path = TwitterFeedUITests.swift; sourceTree = "<group>"; };
		76ECD93420A7319C00AC8F5D /* Info.plist */ = {isa = PBXFileReference; lastKnownFileType = text.plist.xml; path = Info.plist; sourceTree = "<group>"; };
		76ECD95220A731F600AC8F5D /* ViperModule.swift */ = {isa = PBXFileReference; fileEncoding = 4; lastKnownFileType = sourcecode.swift; path = ViperModule.swift; sourceTree = "<group>"; };
		9B8096001774F6F69A8054A7 /* Pods_TwitterFeed.framework */ = {isa = PBXFileReference; explicitFileType = wrapper.framework; includeInIndex = 0; path = Pods_TwitterFeed.framework; sourceTree = BUILT_PRODUCTS_DIR; };
		A15E71A418ECED9514431442 /* Pods-TwitterFeed.release.xcconfig */ = {isa = PBXFileReference; includeInIndex = 1; lastKnownFileType = text.xcconfig; name = "Pods-TwitterFeed.release.xcconfig"; path = "Pods/Target Support Files/Pods-TwitterFeed/Pods-TwitterFeed.release.xcconfig"; sourceTree = "<group>"; };
		ADEB0E15F8F6E888D0CD74F7 /* Pods_TwitterFeedTests.framework */ = {isa = PBXFileReference; explicitFileType = wrapper.framework; includeInIndex = 0; path = Pods_TwitterFeedTests.framework; sourceTree = BUILT_PRODUCTS_DIR; };
		FE84701FE414370441225DDA /* Pods-TwitterFeed.debug.xcconfig */ = {isa = PBXFileReference; includeInIndex = 1; lastKnownFileType = text.xcconfig; name = "Pods-TwitterFeed.debug.xcconfig"; path = "Pods/Target Support Files/Pods-TwitterFeed/Pods-TwitterFeed.debug.xcconfig"; sourceTree = "<group>"; };
/* End PBXFileReference section */

/* Begin PBXFrameworksBuildPhase section */
		76ECD90C20A7319C00AC8F5D /* Frameworks */ = {
			isa = PBXFrameworksBuildPhase;
			buildActionMask = 2147483647;
			files = (
				AE6198DB015722F8CBE1F84A /* Pods_TwitterFeed.framework in Frameworks */,
				7631C46820B0BFFD00BFF1DE /* SwifteriOS.framework in Frameworks */,
			);
			runOnlyForDeploymentPostprocessing = 0;
		};
		76ECD92020A7319C00AC8F5D /* Frameworks */ = {
			isa = PBXFrameworksBuildPhase;
			buildActionMask = 2147483647;
			files = (
				6591A7D9E1ABF828210EF7EA /* Pods_TwitterFeedTests.framework in Frameworks */,
			);
			runOnlyForDeploymentPostprocessing = 0;
		};
		76ECD92B20A7319C00AC8F5D /* Frameworks */ = {
			isa = PBXFrameworksBuildPhase;
			buildActionMask = 2147483647;
			files = (
				0B0507258CD1624DF02C4E4C /* Pods_TwitterFeedUITests.framework in Frameworks */,
			);
			runOnlyForDeploymentPostprocessing = 0;
		};
/* End PBXFrameworksBuildPhase section */

/* Begin PBXGroup section */
		307B5C2AAA775E1C3E478286 /* Frameworks */ = {
			isa = PBXGroup;
			children = (
				7631C46720B0BFFC00BFF1DE /* SwifteriOS.framework */,
				9B8096001774F6F69A8054A7 /* Pods_TwitterFeed.framework */,
				ADEB0E15F8F6E888D0CD74F7 /* Pods_TwitterFeedTests.framework */,
				1976E99663540C5909112DED /* Pods_TwitterFeedUITests.framework */,
			);
			name = Frameworks;
			sourceTree = "<group>";
		};
		7631C46E20B0CA3700BFF1DE /* User */ = {
			isa = PBXGroup;
			children = (
				7631C46F20B0CA4300BFF1DE /* User.swift */,
			);
			path = User;
			sourceTree = "<group>";
		};
		7631C47120B0CC5400BFF1DE /* TwitterEntities */ = {
			isa = PBXGroup;
			children = (
				7631C47220B0CC6B00BFF1DE /* TwitterEntities.swift */,
			);
			path = TwitterEntities;
			sourceTree = "<group>";
		};
		7631C47420B0CC9100BFF1DE /* TwitterUrl */ = {
			isa = PBXGroup;
			children = (
			);
			path = TwitterUrl;
			sourceTree = "<group>";
		};
		7631C47520B0CC9B00BFF1DE /* TwitterMedia */ = {
			isa = PBXGroup;
			children = (
			);
			path = TwitterMedia;
			sourceTree = "<group>";
		};
		7631C47820B0CF5400BFF1DE /* IntegrationTestsServiceLocator */ = {
			isa = PBXGroup;
			children = (
			);
			path = IntegrationTestsServiceLocator;
			sourceTree = "<group>";
		};
		763E0F5A20A83DAF008D0119 /* Result */ = {
			isa = PBXGroup;
			children = (
				763E0F5B20A83E0D008D0119 /* Result.swift */,
			);
			path = Result;
			sourceTree = "<group>";
		};
		763E0F5D20A868E9008D0119 /* Common */ = {
			isa = PBXGroup;
			children = (
				763E0F5E20A868F2008D0119 /* Extensions */,
			);
			path = Common;
			sourceTree = "<group>";
		};
		763E0F5E20A868F2008D0119 /* Extensions */ = {
			isa = PBXGroup;
			children = (
				763E0F5F20A8690B008D0119 /* URLRequest+Headers.swift */,
				763E0F6120A87A09008D0119 /* String+Base64.swift */,
				763E0F6B20A8BB97008D0119 /* Dictionary+HTTPParameters.swift */,
				7631C46C20B0C5DB00BFF1DE /* Swifter+Extensions.swift */,
			);
			path = Extensions;
			sourceTree = "<group>";
		};
		764A31BD20A732C300570530 /* ServiceLocator */ = {
			isa = PBXGroup;
			children = (
				764A31CB20A733FB00570530 /* ServiceLocator.swift */,
				764A31CD20A734E600570530 /* Services.swift */,
			);
			path = ServiceLocator;
			sourceTree = "<group>";
		};
		76C88D8320B081FA00EAD22F /* TwitterConfig */ = {
			isa = PBXGroup;
			children = (
				76C88D8420B0821C00EAD22F /* TwitterConfig.swift */,
				76C88D8620B0829E00EAD22F /* PKTwitterConfig.swift */,
			);
			path = TwitterConfig;
			sourceTree = "<group>";
		};
		76C88D8820B0867500EAD22F /* Tweet */ = {
			isa = PBXGroup;
			children = (
				7631C45A20B086BE00BFF1DE /* TweetPresenter.swift */,
				7631C45B20B086BE00BFF1DE /* TweetRouter.swift */,
				7631C45C20B086BE00BFF1DE /* TweetViewController.swift */,
				7631C45D20B086BE00BFF1DE /* TweetProtocols.swift */,
				7631C45E20B086BE00BFF1DE /* TweetInteractor.swift */,
				7631C45F20B086BE00BFF1DE /* TweetViewController.xib */,
			);
			path = Tweet;
			sourceTree = "<group>";
		};
		76ECD90620A7319C00AC8F5D = {
			isa = PBXGroup;
			children = (
				76ECD91120A7319C00AC8F5D /* TwitterFeed */,
				76ECD92620A7319C00AC8F5D /* TwitterFeedTests */,
				76ECD93120A7319C00AC8F5D /* TwitterFeedUITests */,
				76ECD91020A7319C00AC8F5D /* Products */,
				8B2DE26C81BCF0E6EA963358 /* Pods */,
				307B5C2AAA775E1C3E478286 /* Frameworks */,
			);
			sourceTree = "<group>";
		};
		76ECD91020A7319C00AC8F5D /* Products */ = {
			isa = PBXGroup;
			children = (
				76ECD90F20A7319C00AC8F5D /* TwitterFeed.app */,
				76ECD92320A7319C00AC8F5D /* TwitterFeedTests.xctest */,
				76ECD92E20A7319C00AC8F5D /* TwitterFeedUITests.xctest */,
			);
			name = Products;
			sourceTree = "<group>";
		};
		76ECD91120A7319C00AC8F5D /* TwitterFeed */ = {
			isa = PBXGroup;
			children = (
				763E0F5D20A868E9008D0119 /* Common */,
				76ECD94620A731F600AC8F5D /* Entities */,
				76ECD94820A731F600AC8F5D /* Modules */,
				76ECD95320A731F600AC8F5D /* Services */,
				76ECD91220A7319C00AC8F5D /* AppDelegate.swift */,
				76ECD91420A7319C00AC8F5D /* ViewController.swift */,
				76ECD91620A7319C00AC8F5D /* Main.storyboard */,
				76ECD91920A7319C00AC8F5D /* Assets.xcassets */,
				76ECD91B20A7319C00AC8F5D /* LaunchScreen.storyboard */,
				76ECD91E20A7319C00AC8F5D /* Info.plist */,
			);
			path = TwitterFeed;
			sourceTree = "<group>";
		};
		76ECD92620A7319C00AC8F5D /* TwitterFeedTests */ = {
			isa = PBXGroup;
			children = (
				76ECD92720A7319C00AC8F5D /* TwitterFeedTests.swift */,
				76ECD92920A7319C00AC8F5D /* Info.plist */,
				7631C47620B0CF0C00BFF1DE /* ParsingTests.swift */,
			);
			path = TwitterFeedTests;
			sourceTree = "<group>";
		};
		76ECD93120A7319C00AC8F5D /* TwitterFeedUITests */ = {
			isa = PBXGroup;
			children = (
				7631C47820B0CF5400BFF1DE /* IntegrationTestsServiceLocator */,
				76ECD93220A7319C00AC8F5D /* TwitterFeedUITests.swift */,
				76ECD93420A7319C00AC8F5D /* Info.plist */,
			);
			path = TwitterFeedUITests;
			sourceTree = "<group>";
		};
		76ECD94620A731F600AC8F5D /* Entities */ = {
			isa = PBXGroup;
			children = (
				7631C47520B0CC9B00BFF1DE /* TwitterMedia */,
				7631C47420B0CC9100BFF1DE /* TwitterUrl */,
				7631C47120B0CC5400BFF1DE /* TwitterEntities */,
				7631C46E20B0CA3700BFF1DE /* User */,
				763E0F5A20A83DAF008D0119 /* Result */,
				76ECD94720A731F600AC8F5D /* Tweet */,
			);
			path = Entities;
			sourceTree = "<group>";
		};
		76ECD94720A731F600AC8F5D /* Tweet */ = {
			isa = PBXGroup;
			children = (
				764A31C920A733DB00570530 /* Tweet.swift */,
			);
			path = Tweet;
			sourceTree = "<group>";
		};
		76ECD94820A731F600AC8F5D /* Modules */ = {
			isa = PBXGroup;
			children = (
				76C88D8820B0867500EAD22F /* Tweet */,
				76ECD94920A731F600AC8F5D /* Feed */,
				76ECD95120A731F600AC8F5D /* ViperModule */,
			);
			path = Modules;
			sourceTree = "<group>";
		};
		76ECD94920A731F600AC8F5D /* Feed */ = {
			isa = PBXGroup;
			children = (
				764A31D820A78AD100570530 /* FeedPresenter.swift */,
				764A31D920A78AD100570530 /* FeedRouter.swift */,
				764A31DA20A78AD100570530 /* FeedViewController.swift */,
				764A31DB20A78AD100570530 /* FeedProtocols.swift */,
				764A31DC20A78AD100570530 /* FeedInteractor.swift */,
				764A31DD20A78AD100570530 /* FeedViewController.xib */,
			);
			path = Feed;
			sourceTree = "<group>";
		};
		76ECD95120A731F600AC8F5D /* ViperModule */ = {
			isa = PBXGroup;
			children = (
				76ECD95220A731F600AC8F5D /* ViperModule.swift */,
			);
			path = ViperModule;
			sourceTree = "<group>";
		};
		76ECD95320A731F600AC8F5D /* Services */ = {
			isa = PBXGroup;
			children = (
				76C88D8320B081FA00EAD22F /* TwitterConfig */,
				764A31BD20A732C300570530 /* ServiceLocator */,
				76ECD95420A731F600AC8F5D /* Twitter */,
			);
			path = Services;
			sourceTree = "<group>";
		};
		76ECD95420A731F600AC8F5D /* Twitter */ = {
			isa = PBXGroup;
			children = (
				764A31BE20A732F800570530 /* TwitterService.swift */,
				764A31C020A7332300570530 /* TwitterAPIService.swift */,
			);
			path = Twitter;
			sourceTree = "<group>";
		};
		8B2DE26C81BCF0E6EA963358 /* Pods */ = {
			isa = PBXGroup;
			children = (
				FE84701FE414370441225DDA /* Pods-TwitterFeed.debug.xcconfig */,
				A15E71A418ECED9514431442 /* Pods-TwitterFeed.release.xcconfig */,
				5D5FA577C118000EB4CDA968 /* Pods-TwitterFeedTests.debug.xcconfig */,
				2D04FB36F06566141A5A5E85 /* Pods-TwitterFeedTests.release.xcconfig */,
				629922A4750BD47E0CD283C5 /* Pods-TwitterFeedUITests.debug.xcconfig */,
				70E40220C2047BB220EC5423 /* Pods-TwitterFeedUITests.release.xcconfig */,
			);
			name = Pods;
			sourceTree = "<group>";
		};
/* End PBXGroup section */

/* Begin PBXNativeTarget section */
		76ECD90E20A7319C00AC8F5D /* TwitterFeed */ = {
			isa = PBXNativeTarget;
			buildConfigurationList = 76ECD93720A7319C00AC8F5D /* Build configuration list for PBXNativeTarget "TwitterFeed" */;
			buildPhases = (
				AA054E6E3C9D2971289E126D /* [CP] Check Pods Manifest.lock */,
				76ECD90B20A7319C00AC8F5D /* Sources */,
				76ECD90C20A7319C00AC8F5D /* Frameworks */,
				76ECD90D20A7319C00AC8F5D /* Resources */,
				71A1C50AA6ACA14BF064DD61 /* [CP] Embed Pods Frameworks */,
				7631C46A20B0C24200BFF1DE /* CopyFiles */,
			);
			buildRules = (
			);
			dependencies = (
			);
			name = TwitterFeed;
			productName = TwitterFeed;
			productReference = 76ECD90F20A7319C00AC8F5D /* TwitterFeed.app */;
			productType = "com.apple.product-type.application";
		};
		76ECD92220A7319C00AC8F5D /* TwitterFeedTests */ = {
			isa = PBXNativeTarget;
			buildConfigurationList = 76ECD93A20A7319C00AC8F5D /* Build configuration list for PBXNativeTarget "TwitterFeedTests" */;
			buildPhases = (
				A890FFED2F7D4110CFDFB5E7 /* [CP] Check Pods Manifest.lock */,
				76ECD91F20A7319C00AC8F5D /* Sources */,
				76ECD92020A7319C00AC8F5D /* Frameworks */,
				76ECD92120A7319C00AC8F5D /* Resources */,
			);
			buildRules = (
			);
			dependencies = (
				76ECD92520A7319C00AC8F5D /* PBXTargetDependency */,
			);
			name = TwitterFeedTests;
			productName = TwitterFeedTests;
			productReference = 76ECD92320A7319C00AC8F5D /* TwitterFeedTests.xctest */;
			productType = "com.apple.product-type.bundle.unit-test";
		};
		76ECD92D20A7319C00AC8F5D /* TwitterFeedUITests */ = {
			isa = PBXNativeTarget;
			buildConfigurationList = 76ECD93D20A7319C00AC8F5D /* Build configuration list for PBXNativeTarget "TwitterFeedUITests" */;
			buildPhases = (
				69EB23E7913006602A7EC499 /* [CP] Check Pods Manifest.lock */,
				76ECD92A20A7319C00AC8F5D /* Sources */,
				76ECD92B20A7319C00AC8F5D /* Frameworks */,
				76ECD92C20A7319C00AC8F5D /* Resources */,
			);
			buildRules = (
			);
			dependencies = (
				76ECD93020A7319C00AC8F5D /* PBXTargetDependency */,
			);
			name = TwitterFeedUITests;
			productName = TwitterFeedUITests;
			productReference = 76ECD92E20A7319C00AC8F5D /* TwitterFeedUITests.xctest */;
			productType = "com.apple.product-type.bundle.ui-testing";
		};
/* End PBXNativeTarget section */

/* Begin PBXProject section */
		76ECD90720A7319C00AC8F5D /* Project object */ = {
			isa = PBXProject;
			attributes = {
				LastSwiftUpdateCheck = 0900;
				LastUpgradeCheck = 0900;
				ORGANIZATIONNAME = PavelKatunin;
				TargetAttributes = {
					76ECD90E20A7319C00AC8F5D = {
						CreatedOnToolsVersion = 9.0;
						ProvisioningStyle = Automatic;
					};
					76ECD92220A7319C00AC8F5D = {
						CreatedOnToolsVersion = 9.0;
						ProvisioningStyle = Automatic;
						TestTargetID = 76ECD90E20A7319C00AC8F5D;
					};
					76ECD92D20A7319C00AC8F5D = {
						CreatedOnToolsVersion = 9.0;
						ProvisioningStyle = Automatic;
						TestTargetID = 76ECD90E20A7319C00AC8F5D;
					};
				};
			};
			buildConfigurationList = 76ECD90A20A7319C00AC8F5D /* Build configuration list for PBXProject "TwitterFeed" */;
			compatibilityVersion = "Xcode 8.0";
			developmentRegion = en;
			hasScannedForEncodings = 0;
			knownRegions = (
				en,
				Base,
			);
			mainGroup = 76ECD90620A7319C00AC8F5D;
			productRefGroup = 76ECD91020A7319C00AC8F5D /* Products */;
			projectDirPath = "";
			projectRoot = "";
			targets = (
				76ECD90E20A7319C00AC8F5D /* TwitterFeed */,
				76ECD92220A7319C00AC8F5D /* TwitterFeedTests */,
				76ECD92D20A7319C00AC8F5D /* TwitterFeedUITests */,
			);
		};
/* End PBXProject section */

/* Begin PBXResourcesBuildPhase section */
		76ECD90D20A7319C00AC8F5D /* Resources */ = {
			isa = PBXResourcesBuildPhase;
			buildActionMask = 2147483647;
			files = (
				76ECD91D20A7319C00AC8F5D /* LaunchScreen.storyboard in Resources */,
				764A31E320A78AD100570530 /* FeedViewController.xib in Resources */,
				76ECD91A20A7319C00AC8F5D /* Assets.xcassets in Resources */,
				7631C46520B086BE00BFF1DE /* TweetViewController.xib in Resources */,
				76ECD91820A7319C00AC8F5D /* Main.storyboard in Resources */,
				7631C46920B0C1F300BFF1DE /* SwifteriOS.framework in Resources */,
			);
			runOnlyForDeploymentPostprocessing = 0;
		};
		76ECD92120A7319C00AC8F5D /* Resources */ = {
			isa = PBXResourcesBuildPhase;
			buildActionMask = 2147483647;
			files = (
			);
			runOnlyForDeploymentPostprocessing = 0;
		};
		76ECD92C20A7319C00AC8F5D /* Resources */ = {
			isa = PBXResourcesBuildPhase;
			buildActionMask = 2147483647;
			files = (
			);
			runOnlyForDeploymentPostprocessing = 0;
		};
/* End PBXResourcesBuildPhase section */

/* Begin PBXShellScriptBuildPhase section */
		69EB23E7913006602A7EC499 /* [CP] Check Pods Manifest.lock */ = {
			isa = PBXShellScriptBuildPhase;
			buildActionMask = 2147483647;
			files = (
			);
			inputPaths = (
				"${PODS_PODFILE_DIR_PATH}/Podfile.lock",
				"${PODS_ROOT}/Manifest.lock",
			);
			name = "[CP] Check Pods Manifest.lock";
			outputPaths = (
				"$(DERIVED_FILE_DIR)/Pods-TwitterFeedUITests-checkManifestLockResult.txt",
			);
			runOnlyForDeploymentPostprocessing = 0;
			shellPath = /bin/sh;
			shellScript = "diff \"${PODS_PODFILE_DIR_PATH}/Podfile.lock\" \"${PODS_ROOT}/Manifest.lock\" > /dev/null\nif [ $? != 0 ] ; then\n    # print error to STDERR\n    echo \"error: The sandbox is not in sync with the Podfile.lock. Run 'pod install' or update your CocoaPods installation.\" >&2\n    exit 1\nfi\n# This output is used by Xcode 'outputs' to avoid re-running this script phase.\necho \"SUCCESS\" > \"${SCRIPT_OUTPUT_FILE_0}\"\n";
			showEnvVarsInLog = 0;
		};
		71A1C50AA6ACA14BF064DD61 /* [CP] Embed Pods Frameworks */ = {
			isa = PBXShellScriptBuildPhase;
			buildActionMask = 2147483647;
			files = (
			);
			inputPaths = (
				"${SRCROOT}/Pods/Target Support Files/Pods-TwitterFeed/Pods-TwitterFeed-frameworks.sh",
				"${BUILT_PRODUCTS_DIR}/OhhAuth/OhhAuth.framework",
			);
			name = "[CP] Embed Pods Frameworks";
			outputPaths = (
				"${TARGET_BUILD_DIR}/${FRAMEWORKS_FOLDER_PATH}/OhhAuth.framework",
			);
			runOnlyForDeploymentPostprocessing = 0;
			shellPath = /bin/sh;
			shellScript = "\"${SRCROOT}/Pods/Target Support Files/Pods-TwitterFeed/Pods-TwitterFeed-frameworks.sh\"\n";
			showEnvVarsInLog = 0;
		};
		A890FFED2F7D4110CFDFB5E7 /* [CP] Check Pods Manifest.lock */ = {
			isa = PBXShellScriptBuildPhase;
			buildActionMask = 2147483647;
			files = (
			);
			inputPaths = (
				"${PODS_PODFILE_DIR_PATH}/Podfile.lock",
				"${PODS_ROOT}/Manifest.lock",
			);
			name = "[CP] Check Pods Manifest.lock";
			outputPaths = (
				"$(DERIVED_FILE_DIR)/Pods-TwitterFeedTests-checkManifestLockResult.txt",
			);
			runOnlyForDeploymentPostprocessing = 0;
			shellPath = /bin/sh;
			shellScript = "diff \"${PODS_PODFILE_DIR_PATH}/Podfile.lock\" \"${PODS_ROOT}/Manifest.lock\" > /dev/null\nif [ $? != 0 ] ; then\n    # print error to STDERR\n    echo \"error: The sandbox is not in sync with the Podfile.lock. Run 'pod install' or update your CocoaPods installation.\" >&2\n    exit 1\nfi\n# This output is used by Xcode 'outputs' to avoid re-running this script phase.\necho \"SUCCESS\" > \"${SCRIPT_OUTPUT_FILE_0}\"\n";
			showEnvVarsInLog = 0;
		};
		AA054E6E3C9D2971289E126D /* [CP] Check Pods Manifest.lock */ = {
			isa = PBXShellScriptBuildPhase;
			buildActionMask = 2147483647;
			files = (
			);
			inputPaths = (
				"${PODS_PODFILE_DIR_PATH}/Podfile.lock",
				"${PODS_ROOT}/Manifest.lock",
			);
			name = "[CP] Check Pods Manifest.lock";
			outputPaths = (
				"$(DERIVED_FILE_DIR)/Pods-TwitterFeed-checkManifestLockResult.txt",
			);
			runOnlyForDeploymentPostprocessing = 0;
			shellPath = /bin/sh;
			shellScript = "diff \"${PODS_PODFILE_DIR_PATH}/Podfile.lock\" \"${PODS_ROOT}/Manifest.lock\" > /dev/null\nif [ $? != 0 ] ; then\n    # print error to STDERR\n    echo \"error: The sandbox is not in sync with the Podfile.lock. Run 'pod install' or update your CocoaPods installation.\" >&2\n    exit 1\nfi\n# This output is used by Xcode 'outputs' to avoid re-running this script phase.\necho \"SUCCESS\" > \"${SCRIPT_OUTPUT_FILE_0}\"\n";
			showEnvVarsInLog = 0;
		};
/* End PBXShellScriptBuildPhase section */

/* Begin PBXSourcesBuildPhase section */
		76ECD90B20A7319C00AC8F5D /* Sources */ = {
			isa = PBXSourcesBuildPhase;
			buildActionMask = 2147483647;
			files = (
				7631C47020B0CA4300BFF1DE /* User.swift in Sources */,
				764A31E020A78AD100570530 /* FeedViewController.swift in Sources */,
				763E0F6020A8690B008D0119 /* URLRequest+Headers.swift in Sources */,
				76C88D8720B0829E00EAD22F /* PKTwitterConfig.swift in Sources */,
				764A31C120A7332300570530 /* TwitterAPIService.swift in Sources */,
				7631C46D20B0C5DB00BFF1DE /* Swifter+Extensions.swift in Sources */,
				7631C46320B086BE00BFF1DE /* TweetProtocols.swift in Sources */,
				76ECD95C20A731F700AC8F5D /* ViperModule.swift in Sources */,
				763E0F6220A87A09008D0119 /* String+Base64.swift in Sources */,
				764A31BF20A732F800570530 /* TwitterService.swift in Sources */,
				7631C46020B086BE00BFF1DE /* TweetPresenter.swift in Sources */,
				764A31E220A78AD100570530 /* FeedInteractor.swift in Sources */,
				7631C46220B086BE00BFF1DE /* TweetViewController.swift in Sources */,
				7631C46420B086BE00BFF1DE /* TweetInteractor.swift in Sources */,
				76ECD91520A7319C00AC8F5D /* ViewController.swift in Sources */,
				764A31CC20A733FB00570530 /* ServiceLocator.swift in Sources */,
				7631C47320B0CC6B00BFF1DE /* TwitterEntities.swift in Sources */,
				7631C46120B086BE00BFF1DE /* TweetRouter.swift in Sources */,
				764A31CA20A733DB00570530 /* Tweet.swift in Sources */,
				763E0F6C20A8BB97008D0119 /* Dictionary+HTTPParameters.swift in Sources */,
				76ECD91320A7319C00AC8F5D /* AppDelegate.swift in Sources */,
				763E0F5C20A83E0D008D0119 /* Result.swift in Sources */,
				76C88D8520B0821C00EAD22F /* TwitterConfig.swift in Sources */,
				764A31E120A78AD100570530 /* FeedProtocols.swift in Sources */,
				764A31DF20A78AD100570530 /* FeedRouter.swift in Sources */,
				764A31CE20A734E600570530 /* Services.swift in Sources */,
				764A31DE20A78AD100570530 /* FeedPresenter.swift in Sources */,
			);
			runOnlyForDeploymentPostprocessing = 0;
		};
		76ECD91F20A7319C00AC8F5D /* Sources */ = {
			isa = PBXSourcesBuildPhase;
			buildActionMask = 2147483647;
			files = (
				7631C47720B0CF0C00BFF1DE /* ParsingTests.swift in Sources */,
				76ECD92820A7319C00AC8F5D /* TwitterFeedTests.swift in Sources */,
			);
			runOnlyForDeploymentPostprocessing = 0;
		};
		76ECD92A20A7319C00AC8F5D /* Sources */ = {
			isa = PBXSourcesBuildPhase;
			buildActionMask = 2147483647;
			files = (
				76ECD93320A7319C00AC8F5D /* TwitterFeedUITests.swift in Sources */,
			);
			runOnlyForDeploymentPostprocessing = 0;
		};
/* End PBXSourcesBuildPhase section */

/* Begin PBXTargetDependency section */
		76ECD92520A7319C00AC8F5D /* PBXTargetDependency */ = {
			isa = PBXTargetDependency;
			target = 76ECD90E20A7319C00AC8F5D /* TwitterFeed */;
			targetProxy = 76ECD92420A7319C00AC8F5D /* PBXContainerItemProxy */;
		};
		76ECD93020A7319C00AC8F5D /* PBXTargetDependency */ = {
			isa = PBXTargetDependency;
			target = 76ECD90E20A7319C00AC8F5D /* TwitterFeed */;
			targetProxy = 76ECD92F20A7319C00AC8F5D /* PBXContainerItemProxy */;
		};
/* End PBXTargetDependency section */

/* Begin PBXVariantGroup section */
		76ECD91620A7319C00AC8F5D /* Main.storyboard */ = {
			isa = PBXVariantGroup;
			children = (
				76ECD91720A7319C00AC8F5D /* Base */,
			);
			name = Main.storyboard;
			sourceTree = "<group>";
		};
		76ECD91B20A7319C00AC8F5D /* LaunchScreen.storyboard */ = {
			isa = PBXVariantGroup;
			children = (
				76ECD91C20A7319C00AC8F5D /* Base */,
			);
			name = LaunchScreen.storyboard;
			sourceTree = "<group>";
		};
/* End PBXVariantGroup section */

/* Begin XCBuildConfiguration section */
		76ECD93520A7319C00AC8F5D /* Debug */ = {
			isa = XCBuildConfiguration;
			buildSettings = {
				ALWAYS_SEARCH_USER_PATHS = NO;
				CLANG_ANALYZER_NONNULL = YES;
				CLANG_ANALYZER_NUMBER_OBJECT_CONVERSION = YES_AGGRESSIVE;
				CLANG_CXX_LANGUAGE_STANDARD = "gnu++14";
				CLANG_CXX_LIBRARY = "libc++";
				CLANG_ENABLE_MODULES = YES;
				CLANG_ENABLE_OBJC_ARC = YES;
				CLANG_WARN_BLOCK_CAPTURE_AUTORELEASING = YES;
				CLANG_WARN_BOOL_CONVERSION = YES;
				CLANG_WARN_COMMA = YES;
				CLANG_WARN_CONSTANT_CONVERSION = YES;
				CLANG_WARN_DIRECT_OBJC_ISA_USAGE = YES_ERROR;
				CLANG_WARN_DOCUMENTATION_COMMENTS = YES;
				CLANG_WARN_EMPTY_BODY = YES;
				CLANG_WARN_ENUM_CONVERSION = YES;
				CLANG_WARN_INFINITE_RECURSION = YES;
				CLANG_WARN_INT_CONVERSION = YES;
				CLANG_WARN_NON_LITERAL_NULL_CONVERSION = YES;
				CLANG_WARN_OBJC_LITERAL_CONVERSION = YES;
				CLANG_WARN_OBJC_ROOT_CLASS = YES_ERROR;
				CLANG_WARN_RANGE_LOOP_ANALYSIS = YES;
				CLANG_WARN_STRICT_PROTOTYPES = YES;
				CLANG_WARN_SUSPICIOUS_MOVE = YES;
				CLANG_WARN_UNGUARDED_AVAILABILITY = YES_AGGRESSIVE;
				CLANG_WARN_UNREACHABLE_CODE = YES;
				CLANG_WARN__DUPLICATE_METHOD_MATCH = YES;
				CODE_SIGN_IDENTITY = "iPhone Developer";
				COPY_PHASE_STRIP = NO;
				DEBUG_INFORMATION_FORMAT = dwarf;
				ENABLE_STRICT_OBJC_MSGSEND = YES;
				ENABLE_TESTABILITY = YES;
				GCC_C_LANGUAGE_STANDARD = gnu11;
				GCC_DYNAMIC_NO_PIC = NO;
				GCC_NO_COMMON_BLOCKS = YES;
				GCC_OPTIMIZATION_LEVEL = 0;
				GCC_PREPROCESSOR_DEFINITIONS = (
					"DEBUG=1",
					"$(inherited)",
				);
				GCC_WARN_64_TO_32_BIT_CONVERSION = YES;
				GCC_WARN_ABOUT_RETURN_TYPE = YES_ERROR;
				GCC_WARN_UNDECLARED_SELECTOR = YES;
				GCC_WARN_UNINITIALIZED_AUTOS = YES_AGGRESSIVE;
				GCC_WARN_UNUSED_FUNCTION = YES;
				GCC_WARN_UNUSED_VARIABLE = YES;
				IPHONEOS_DEPLOYMENT_TARGET = 11.0;
				MTL_ENABLE_DEBUG_INFO = YES;
				ONLY_ACTIVE_ARCH = YES;
				SDKROOT = iphoneos;
				SWIFT_ACTIVE_COMPILATION_CONDITIONS = DEBUG;
				SWIFT_OPTIMIZATION_LEVEL = "-Onone";
			};
			name = Debug;
		};
		76ECD93620A7319C00AC8F5D /* Release */ = {
			isa = XCBuildConfiguration;
			buildSettings = {
				ALWAYS_SEARCH_USER_PATHS = NO;
				CLANG_ANALYZER_NONNULL = YES;
				CLANG_ANALYZER_NUMBER_OBJECT_CONVERSION = YES_AGGRESSIVE;
				CLANG_CXX_LANGUAGE_STANDARD = "gnu++14";
				CLANG_CXX_LIBRARY = "libc++";
				CLANG_ENABLE_MODULES = YES;
				CLANG_ENABLE_OBJC_ARC = YES;
				CLANG_WARN_BLOCK_CAPTURE_AUTORELEASING = YES;
				CLANG_WARN_BOOL_CONVERSION = YES;
				CLANG_WARN_COMMA = YES;
				CLANG_WARN_CONSTANT_CONVERSION = YES;
				CLANG_WARN_DIRECT_OBJC_ISA_USAGE = YES_ERROR;
				CLANG_WARN_DOCUMENTATION_COMMENTS = YES;
				CLANG_WARN_EMPTY_BODY = YES;
				CLANG_WARN_ENUM_CONVERSION = YES;
				CLANG_WARN_INFINITE_RECURSION = YES;
				CLANG_WARN_INT_CONVERSION = YES;
				CLANG_WARN_NON_LITERAL_NULL_CONVERSION = YES;
				CLANG_WARN_OBJC_LITERAL_CONVERSION = YES;
				CLANG_WARN_OBJC_ROOT_CLASS = YES_ERROR;
				CLANG_WARN_RANGE_LOOP_ANALYSIS = YES;
				CLANG_WARN_STRICT_PROTOTYPES = YES;
				CLANG_WARN_SUSPICIOUS_MOVE = YES;
				CLANG_WARN_UNGUARDED_AVAILABILITY = YES_AGGRESSIVE;
				CLANG_WARN_UNREACHABLE_CODE = YES;
				CLANG_WARN__DUPLICATE_METHOD_MATCH = YES;
				CODE_SIGN_IDENTITY = "iPhone Developer";
				COPY_PHASE_STRIP = NO;
				DEBUG_INFORMATION_FORMAT = "dwarf-with-dsym";
				ENABLE_NS_ASSERTIONS = NO;
				ENABLE_STRICT_OBJC_MSGSEND = YES;
				GCC_C_LANGUAGE_STANDARD = gnu11;
				GCC_NO_COMMON_BLOCKS = YES;
				GCC_WARN_64_TO_32_BIT_CONVERSION = YES;
				GCC_WARN_ABOUT_RETURN_TYPE = YES_ERROR;
				GCC_WARN_UNDECLARED_SELECTOR = YES;
				GCC_WARN_UNINITIALIZED_AUTOS = YES_AGGRESSIVE;
				GCC_WARN_UNUSED_FUNCTION = YES;
				GCC_WARN_UNUSED_VARIABLE = YES;
				IPHONEOS_DEPLOYMENT_TARGET = 11.0;
				MTL_ENABLE_DEBUG_INFO = NO;
				SDKROOT = iphoneos;
				SWIFT_OPTIMIZATION_LEVEL = "-Owholemodule";
				VALIDATE_PRODUCT = YES;
			};
			name = Release;
		};
		76ECD93820A7319C00AC8F5D /* Debug */ = {
			isa = XCBuildConfiguration;
			baseConfigurationReference = FE84701FE414370441225DDA /* Pods-TwitterFeed.debug.xcconfig */;
			buildSettings = {
				ASSETCATALOG_COMPILER_APPICON_NAME = AppIcon;
				CODE_SIGN_STYLE = Automatic;
				DEVELOPMENT_TEAM = 384BUBT636;
				FRAMEWORK_SEARCH_PATHS = (
					"$(inherited)",
					"$(PROJECT_DIR)",
				);
				INFOPLIST_FILE = TwitterFeed/Info.plist;
				LD_RUNPATH_SEARCH_PATHS = "$(inherited) @executable_path/Frameworks";
				PRODUCT_BUNDLE_IDENTIFIER = PavelKatunin.TwitterFeed;
				PRODUCT_NAME = "$(TARGET_NAME)";
				SWIFT_VERSION = 4.0;
				TARGETED_DEVICE_FAMILY = "1,2";
			};
			name = Debug;
		};
		76ECD93920A7319C00AC8F5D /* Release */ = {
			isa = XCBuildConfiguration;
			baseConfigurationReference = A15E71A418ECED9514431442 /* Pods-TwitterFeed.release.xcconfig */;
			buildSettings = {
				ASSETCATALOG_COMPILER_APPICON_NAME = AppIcon;
				CODE_SIGN_STYLE = Automatic;
				DEVELOPMENT_TEAM = 384BUBT636;
				FRAMEWORK_SEARCH_PATHS = (
					"$(inherited)",
					"$(PROJECT_DIR)",
				);
				INFOPLIST_FILE = TwitterFeed/Info.plist;
				LD_RUNPATH_SEARCH_PATHS = "$(inherited) @executable_path/Frameworks";
				PRODUCT_BUNDLE_IDENTIFIER = PavelKatunin.TwitterFeed;
				PRODUCT_NAME = "$(TARGET_NAME)";
				SWIFT_VERSION = 4.0;
				TARGETED_DEVICE_FAMILY = "1,2";
			};
			name = Release;
		};
		76ECD93B20A7319C00AC8F5D /* Debug */ = {
			isa = XCBuildConfiguration;
			baseConfigurationReference = 5D5FA577C118000EB4CDA968 /* Pods-TwitterFeedTests.debug.xcconfig */;
			buildSettings = {
				ALWAYS_EMBED_SWIFT_STANDARD_LIBRARIES = YES;
				BUNDLE_LOADER = "$(TEST_HOST)";
				CODE_SIGN_STYLE = Automatic;
				DEVELOPMENT_TEAM = 384BUBT636;
				INFOPLIST_FILE = TwitterFeedTests/Info.plist;
				LD_RUNPATH_SEARCH_PATHS = "$(inherited) @executable_path/Frameworks @loader_path/Frameworks";
				PRODUCT_BUNDLE_IDENTIFIER = PavelKatunin.TwitterFeedTests;
				PRODUCT_NAME = "$(TARGET_NAME)";
				SWIFT_VERSION = 4.0;
				TARGETED_DEVICE_FAMILY = "1,2";
				TEST_HOST = "$(BUILT_PRODUCTS_DIR)/TwitterFeed.app/TwitterFeed";
			};
			name = Debug;
		};
		76ECD93C20A7319C00AC8F5D /* Release */ = {
			isa = XCBuildConfiguration;
			baseConfigurationReference = 2D04FB36F06566141A5A5E85 /* Pods-TwitterFeedTests.release.xcconfig */;
			buildSettings = {
				ALWAYS_EMBED_SWIFT_STANDARD_LIBRARIES = YES;
				BUNDLE_LOADER = "$(TEST_HOST)";
				CODE_SIGN_STYLE = Automatic;
				DEVELOPMENT_TEAM = 384BUBT636;
				INFOPLIST_FILE = TwitterFeedTests/Info.plist;
				LD_RUNPATH_SEARCH_PATHS = "$(inherited) @executable_path/Frameworks @loader_path/Frameworks";
				PRODUCT_BUNDLE_IDENTIFIER = PavelKatunin.TwitterFeedTests;
				PRODUCT_NAME = "$(TARGET_NAME)";
				SWIFT_VERSION = 4.0;
				TARGETED_DEVICE_FAMILY = "1,2";
				TEST_HOST = "$(BUILT_PRODUCTS_DIR)/TwitterFeed.app/TwitterFeed";
			};
			name = Release;
		};
		76ECD93E20A7319C00AC8F5D /* Debug */ = {
			isa = XCBuildConfiguration;
			baseConfigurationReference = 629922A4750BD47E0CD283C5 /* Pods-TwitterFeedUITests.debug.xcconfig */;
			buildSettings = {
				ALWAYS_EMBED_SWIFT_STANDARD_LIBRARIES = YES;
				CODE_SIGN_STYLE = Automatic;
				DEVELOPMENT_TEAM = 384BUBT636;
				INFOPLIST_FILE = TwitterFeedUITests/Info.plist;
				LD_RUNPATH_SEARCH_PATHS = "$(inherited) @executable_path/Frameworks @loader_path/Frameworks";
				PRODUCT_BUNDLE_IDENTIFIER = PavelKatunin.TwitterFeedUITests;
				PRODUCT_NAME = "$(TARGET_NAME)";
				SWIFT_VERSION = 4.0;
				TARGETED_DEVICE_FAMILY = "1,2";
				TEST_TARGET_NAME = TwitterFeed;
			};
			name = Debug;
		};
		76ECD93F20A7319C00AC8F5D /* Release */ = {
			isa = XCBuildConfiguration;
			baseConfigurationReference = 70E40220C2047BB220EC5423 /* Pods-TwitterFeedUITests.release.xcconfig */;
			buildSettings = {
				ALWAYS_EMBED_SWIFT_STANDARD_LIBRARIES = YES;
				CODE_SIGN_STYLE = Automatic;
				DEVELOPMENT_TEAM = 384BUBT636;
				INFOPLIST_FILE = TwitterFeedUITests/Info.plist;
				LD_RUNPATH_SEARCH_PATHS = "$(inherited) @executable_path/Frameworks @loader_path/Frameworks";
				PRODUCT_BUNDLE_IDENTIFIER = PavelKatunin.TwitterFeedUITests;
				PRODUCT_NAME = "$(TARGET_NAME)";
				SWIFT_VERSION = 4.0;
				TARGETED_DEVICE_FAMILY = "1,2";
				TEST_TARGET_NAME = TwitterFeed;
			};
			name = Release;
		};
/* End XCBuildConfiguration section */

/* Begin XCConfigurationList section */
		76ECD90A20A7319C00AC8F5D /* Build configuration list for PBXProject "TwitterFeed" */ = {
			isa = XCConfigurationList;
			buildConfigurations = (
				76ECD93520A7319C00AC8F5D /* Debug */,
				76ECD93620A7319C00AC8F5D /* Release */,
			);
			defaultConfigurationIsVisible = 0;
			defaultConfigurationName = Release;
		};
		76ECD93720A7319C00AC8F5D /* Build configuration list for PBXNativeTarget "TwitterFeed" */ = {
			isa = XCConfigurationList;
			buildConfigurations = (
				76ECD93820A7319C00AC8F5D /* Debug */,
				76ECD93920A7319C00AC8F5D /* Release */,
			);
			defaultConfigurationIsVisible = 0;
			defaultConfigurationName = Release;
		};
		76ECD93A20A7319C00AC8F5D /* Build configuration list for PBXNativeTarget "TwitterFeedTests" */ = {
			isa = XCConfigurationList;
			buildConfigurations = (
				76ECD93B20A7319C00AC8F5D /* Debug */,
				76ECD93C20A7319C00AC8F5D /* Release */,
			);
			defaultConfigurationIsVisible = 0;
			defaultConfigurationName = Release;
		};
		76ECD93D20A7319C00AC8F5D /* Build configuration list for PBXNativeTarget "TwitterFeedUITests" */ = {
			isa = XCConfigurationList;
			buildConfigurations = (
				76ECD93E20A7319C00AC8F5D /* Debug */,
				76ECD93F20A7319C00AC8F5D /* Release */,
			);
			defaultConfigurationIsVisible = 0;
			defaultConfigurationName = Release;
		};
/* End XCConfigurationList section */
	};
	rootObject = 76ECD90720A7319C00AC8F5D /* Project object */;
}
